
Microsoft Visual Studio Solution File, Format Version 12.00
# Visual Studio Version 16
VisualStudioVersion = 16.0.32126.315
MinimumVisualStudioVersion = 10.0.40219.1
Project("{FAE04EC0-301F-11D3-BF4B-00C04F79EFBC}") = "HOOLAwebapplication", "HOOLAwebapplication\HOOLAwebapplication.csproj", "{64B447F5-0FF9-42BC-B87D-B9F3A0F73625}"
EndProject
Global
	GlobalSection(SolutionConfigurationPlatforms) = preSolution
		Debug|Any CPU = Debug|Any CPU
		Release|Any CPU = Release|Any CPU
	EndGlobalSection
	GlobalSection(ProjectConfigurationPlatforms) = postSolution
		{64B447F5-0FF9-42BC-B87D-B9F3A0F73625}.Debug|Any CPU.ActiveCfg = Debug|Any CPU
		{64B447F5-0FF9-42BC-B87D-B9F3A0F73625}.Debug|Any CPU.Build.0 = Debug|Any CPU
		{64B447F5-0FF9-42BC-B87D-B9F3A0F73625}.Release|Any CPU.ActiveCfg = Release|Any CPU
		{64B447F5-0FF9-42BC-B87D-B9F3A0F73625}.Release|Any CPU.Build.0 = Release|Any CPU
	EndGlobalSection
	GlobalSection(SolutionProperties) = preSolution
		HideSolutionNode = FALSE
	EndGlobalSection
	GlobalSection(ExtensibilityGlobals) = postSolution
		SolutionGuid = {6623DE6E-BF3A-4C30-A6FF-295309696159}
	EndGlobalSection
EndGlobal
